
Microsoft Visual Studio Solution File, Format Version 12.00
# Visual Studio Version 16
VisualStudioVersion = 16.0.33529.622
MinimumVisualStudioVersion = 10.0.40219.1
Project("{FAE04EC0-301F-11D3-BF4B-00C04F79EFBC}") = "L2ARAutomationSerialPort", "L2ARAutomationSerialPort\L2ARAutomationSerialPort.csproj", "{3F992B0C-0AF7-4AB6-805F-04F0AF9CB871}"
EndProject
Global
	GlobalSection(SolutionConfigurationPlatforms) = preSolution
		Debug|Any CPU = Debug|Any CPU
		Release|Any CPU = Release|Any CPU
	EndGlobalSection
	GlobalSection(ProjectConfigurationPlatforms) = postSolution
		{3F992B0C-0AF7-4AB6-805F-04F0AF9CB871}.Debug|Any CPU.ActiveCfg = Debug|Any CPU
		{3F992B0C-0AF7-4AB6-805F-04F0AF9CB871}.Debug|Any CPU.Build.0 = Debug|Any CPU
		{3F992B0C-0AF7-4AB6-805F-04F0AF9CB871}.Release|Any CPU.ActiveCfg = Release|Any CPU
		{3F992B0C-0AF7-4AB6-805F-04F0AF9CB871}.Release|Any CPU.Build.0 = Release|Any CPU
	EndGlobalSection
	GlobalSection(SolutionProperties) = preSolution
		HideSolutionNode = FALSE
	EndGlobalSection
	GlobalSection(ExtensibilityGlobals) = postSolution
		SolutionGuid = {E75E6E90-F87F-4AF7-ABE5-55F9CF091FDB}
	EndGlobalSection
EndGlobal
